
Microsoft Visual Studio Solution File, Format Version 11.00
# Visual Studio 2010
Project("{FAE04EC0-301F-11D3-BF4B-00C04F79EFBC}") = "Client", "Client\Client.csproj", "{26c21bc7-e125-46a9-b686-03123d503ef1}"
EndProject
Global
	GlobalSection(SolutionConfigurationPlatforms) = preSolution
		Debug|Any CPU = Debug|Any CPU
		Release|Any CPU = Release|Any CPU
	EndGlobalSection
	GlobalSection(ProjectConfigurationPlatforms) = postSolution
		{26C21BC7-E125-46A9-B686-03123D503EF1}.Debug|Any CPU.ActiveCfg = Debug|Any CPU
		{26C21BC7-E125-46A9-B686-03123D503EF1}.Debug|Any CPU.Build.0 = Debug|Any CPU
		{26C21BC7-E125-46A9-B686-03123D503EF1}.Release|Any CPU.ActiveCfg = Release|Any CPU
		{26C21BC7-E125-46A9-B686-03123D503EF1}.Release|Any CPU.Build.0 = Release|Any CPU
	EndGlobalSection
EndGlobal
